Microsoft Visual Studio Solution File, Format Version 12.00
# Visual Studio 15
VisualStudioVersion = 15.0.27703.2042
MinimumVisualStudioVersion = 10.0.40219.1
Project("{2150E333-8FDC-42A3-9474-1A3956D46DE8}") = "Test", "Test", "{08EE4270-B5C9-4014-9A33-305545A16A4B}"
EndProject
Project("{2150E333-8FDC-42A3-9474-1A3956D46DE8}") = "IntegrationTest", "IntegrationTest", "{C3A1F6C2-940F-49A6-8AD2-9B8B6A52731C}"
EndProject
Project("{FAE04EC0-301F-11D3-BF4B-00C04F79EFBC}") = "AddinX.Core.UnitTest", "src\Test\UnitTest\AddinX.Core.UnitTest.csproj", "{200833ED-6DE6-443F-BE1F-EE5BE20F69AB}"
EndProject
Project("{FAE04EC0-301F-11D3-BF4B-00C04F79EFBC}") = "ButtonAndBox", "src\Test\IntegrationTest\ButtonAndBox\ButtonAndBox.csproj", "{6F00458D-CCF9-46AD-A424-E22D7F1CB569}"
EndProject
Project("{FAE04EC0-301F-11D3-BF4B-00C04F79EFBC}") = "DialogBoxAndEditBox", "src\Test\IntegrationTest\DialogBoxAndEditBox\DialogBoxAndEditBox.csproj", "{8D216CE2-D639-4EE3-8AF0-BD479C8C1169}"
EndProject
Project("{FAE04EC0-301F-11D3-BF4B-00C04F79EFBC}") = "ComboBoxAndDropDown", "src\Test\IntegrationTest\ComboBoxAndDropDown\ComboBoxAndDropDown.csproj", "{214F235F-666C-4695-B7D5-A191194C586E}"
EndProject
Project("{FAE04EC0-301F-11D3-BF4B-00C04F79EFBC}") = "GalleriesAndMenu", "src\Test\IntegrationTest\GalleriesAndMenu\GalleriesAndMenu.csproj", "{A30364B4-BB94-43A2-A142-FCB78A3CEE0A}"
EndProject
Project("{FAE04EC0-301F-11D3-BF4B-00C04F79EFBC}") = "ContextualTab", "src\Test\IntegrationTest\ContextualTab\ContextualTab.csproj", "{68A77858-7C12-4334-8848-E9CD063ED643}"
EndProject
Project("{FAE04EC0-301F-11D3-BF4B-00C04F79EFBC}") = "RibbonTests", "test\RibbonTests\RibbonTests.csproj", "{BD89029A-757C-4B5C-992F-949BA57C0740}"
EndProject
Project("{9A19103F-16F7-4668-BE54-9A1E7A4F7556}") = "ExcelDna.RibbonFluent", "src\ExcelDna.RibbonFluent\ExcelDna.RibbonFluent.csproj", "{4475793A-880A-4555-ACBA-1FDFCC44F61E}"
EndProject
Project("{9A19103F-16F7-4668-BE54-9A1E7A4F7556}") = "ExcelDna.RibbonFluent.Tests", "test\ExcelDna.RibbonFluent.Tests\ExcelDna.RibbonFluent.Tests.csproj", "{9CF807B3-EA39-4612-934E-9DF3764A021C}"
EndProject
Global
	GlobalSection(SolutionConfigurationPlatforms) = preSolution
		Debug|Any CPU = Debug|Any CPU
		Debug|x64 = Debug|x64
		Debug|x86 = Debug|x86
		Release|Any CPU = Release|Any CPU
		Release|x64 = Release|x64
		Release|x86 = Release|x86
	EndGlobalSection
	GlobalSection(ProjectConfigurationPlatforms) = postSolution
		{200833ED-6DE6-443F-BE1F-EE5BE20F69AB}.Debug|Any CPU.ActiveCfg = Debug|Any CPU
		{200833ED-6DE6-443F-BE1F-EE5BE20F69AB}.Debug|Any CPU.Build.0 = Debug|Any CPU
		{200833ED-6DE6-443F-BE1F-EE5BE20F69AB}.Debug|x64.ActiveCfg = Debug|x64
		{200833ED-6DE6-443F-BE1F-EE5BE20F69AB}.Debug|x64.Build.0 = Debug|x64
		{200833ED-6DE6-443F-BE1F-EE5BE20F69AB}.Debug|x86.ActiveCfg = Debug|x86
		{200833ED-6DE6-443F-BE1F-EE5BE20F69AB}.Debug|x86.Build.0 = Debug|x86
		{200833ED-6DE6-443F-BE1F-EE5BE20F69AB}.Release|Any CPU.ActiveCfg = Release|Any CPU
		{200833ED-6DE6-443F-BE1F-EE5BE20F69AB}.Release|Any CPU.Build.0 = Release|Any CPU
		{200833ED-6DE6-443F-BE1F-EE5BE20F69AB}.Release|x64.ActiveCfg = Release|x64
		{200833ED-6DE6-443F-BE1F-EE5BE20F69AB}.Release|x64.Build.0 = Release|x64
		{200833ED-6DE6-443F-BE1F-EE5BE20F69AB}.Release|x86.ActiveCfg = Release|x86
		{200833ED-6DE6-443F-BE1F-EE5BE20F69AB}.Release|x86.Build.0 = Release|x86
		{6F00458D-CCF9-46AD-A424-E22D7F1CB569}.Debug|Any CPU.ActiveCfg = Debug|Any CPU
		{6F00458D-CCF9-46AD-A424-E22D7F1CB569}.Debug|Any CPU.Build.0 = Debug|Any CPU
		{6F00458D-CCF9-46AD-A424-E22D7F1CB569}.Debug|x64.ActiveCfg = Debug|Any CPU
		{6F00458D-CCF9-46AD-A424-E22D7F1CB569}.Debug|x64.Build.0 = Debug|Any CPU
		{6F00458D-CCF9-46AD-A424-E22D7F1CB569}.Debug|x86.ActiveCfg = Debug|Any CPU
		{6F00458D-CCF9-46AD-A424-E22D7F1CB569}.Debug|x86.Build.0 = Debug|Any CPU
		{6F00458D-CCF9-46AD-A424-E22D7F1CB569}.Release|Any CPU.ActiveCfg = Release|Any CPU
		{6F00458D-CCF9-46AD-A424-E22D7F1CB569}.Release|Any CPU.Build.0 = Release|Any CPU
		{6F00458D-CCF9-46AD-A424-E22D7F1CB569}.Release|x64.ActiveCfg = Release|Any CPU
		{6F00458D-CCF9-46AD-A424-E22D7F1CB569}.Release|x64.Build.0 = Release|Any CPU
		{6F00458D-CCF9-46AD-A424-E22D7F1CB569}.Release|x86.ActiveCfg = Release|Any CPU
		{6F00458D-CCF9-46AD-A424-E22D7F1CB569}.Release|x86.Build.0 = Release|Any CPU
		{8D216CE2-D639-4EE3-8AF0-BD479C8C1169}.Debug|Any CPU.ActiveCfg = Debug|Any CPU
		{8D216CE2-D639-4EE3-8AF0-BD479C8C1169}.Debug|Any CPU.Build.0 = Debug|Any CPU
		{8D216CE2-D639-4EE3-8AF0-BD479C8C1169}.Debug|x64.ActiveCfg = Debug|Any CPU
		{8D216CE2-D639-4EE3-8AF0-BD479C8C1169}.Debug|x64.Build.0 = Debug|Any CPU
		{8D216CE2-D639-4EE3-8AF0-BD479C8C1169}.Debug|x86.ActiveCfg = Debug|Any CPU
		{8D216CE2-D639-4EE3-8AF0-BD479C8C1169}.Debug|x86.Build.0 = Debug|Any CPU
		{8D216CE2-D639-4EE3-8AF0-BD479C8C1169}.Release|Any CPU.ActiveCfg = Release|Any CPU
		{8D216CE2-D639-4EE3-8AF0-BD479C8C1169}.Release|Any CPU.Build.0 = Release|Any CPU
		{8D216CE2-D639-4EE3-8AF0-BD479C8C1169}.Release|x64.ActiveCfg = Release|Any CPU
		{8D216CE2-D639-4EE3-8AF0-BD479C8C1169}.Release|x64.Build.0 = Release|Any CPU
		{8D216CE2-D639-4EE3-8AF0-BD479C8C1169}.Release|x86.ActiveCfg = Release|Any CPU
		{8D216CE2-D639-4EE3-8AF0-BD479C8C1169}.Release|x86.Build.0 = Release|Any CPU
		{214F235F-666C-4695-B7D5-A191194C586E}.Debug|Any CPU.ActiveCfg = Debug|Any CPU
		{214F235F-666C-4695-B7D5-A191194C586E}.Debug|Any CPU.Build.0 = Debug|Any CPU
		{214F235F-666C-4695-B7D5-A191194C586E}.Debug|x64.ActiveCfg = Debug|Any CPU
		{214F235F-666C-4695-B7D5-A191194C586E}.Debug|x64.Build.0 = Debug|Any CPU
		{214F235F-666C-4695-B7D5-A191194C586E}.Debug|x86.ActiveCfg = Debug|Any CPU
		{214F235F-666C-4695-B7D5-A191194C586E}.Debug|x86.Build.0 = Debug|Any CPU
		{214F235F-666C-4695-B7D5-A191194C586E}.Release|Any CPU.ActiveCfg = Release|Any CPU
		{214F235F-666C-4695-B7D5-A191194C586E}.Release|Any CPU.Build.0 = Release|Any CPU
		{214F235F-666C-4695-B7D5-A191194C586E}.Release|x64.ActiveCfg = Release|Any CPU
		{214F235F-666C-4695-B7D5-A191194C586E}.Release|x64.Build.0 = Release|Any CPU
		{214F235F-666C-4695-B7D5-A191194C586E}.Release|x86.ActiveCfg = Release|Any CPU
		{214F235F-666C-4695-B7D5-A191194C586E}.Release|x86.Build.0 = Release|Any CPU
		{A30364B4-BB94-43A2-A142-FCB78A3CEE0A}.Debug|Any CPU.ActiveCfg = Debug|Any CPU
		{A30364B4-BB94-43A2-A142-FCB78A3CEE0A}.Debug|Any CPU.Build.0 = Debug|Any CPU
		{A30364B4-BB94-43A2-A142-FCB78A3CEE0A}.Debug|x64.ActiveCfg = Debug|Any CPU
		{A30364B4-BB94-43A2-A142-FCB78A3CEE0A}.Debug|x64.Build.0 = Debug|Any CPU
		{A30364B4-BB94-43A2-A142-FCB78A3CEE0A}.Debug|x86.ActiveCfg = Debug|Any CPU
		{A30364B4-BB94-43A2-A142-FCB78A3CEE0A}.Debug|x86.Build.0 = Debug|Any CPU
		{A30364B4-BB94-43A2-A142-FCB78A3CEE0A}.Release|Any CPU.ActiveCfg = Release|Any CPU
		{A30364B4-BB94-43A2-A142-FCB78A3CEE0A}.Release|Any CPU.Build.0 = Release|Any CPU
		{A30364B4-BB94-43A2-A142-FCB78A3CEE0A}.Release|x64.ActiveCfg = Release|Any CPU
		{A30364B4-BB94-43A2-A142-FCB78A3CEE0A}.Release|x64.Build.0 = Release|Any CPU
		{A30364B4-BB94-43A2-A142-FCB78A3CEE0A}.Release|x86.ActiveCfg = Release|Any CPU
		{A30364B4-BB94-43A2-A142-FCB78A3CEE0A}.Release|x86.Build.0 = Release|Any CPU
		{68A77858-7C12-4334-8848-E9CD063ED643}.Debug|Any CPU.ActiveCfg = Debug|Any CPU
		{68A77858-7C12-4334-8848-E9CD063ED643}.Debug|Any CPU.Build.0 = Debug|Any CPU
		{68A77858-7C12-4334-8848-E9CD063ED643}.Debug|x64.ActiveCfg = Debug|Any CPU
		{68A77858-7C12-4334-8848-E9CD063ED643}.Debug|x64.Build.0 = Debug|Any CPU
		{68A77858-7C12-4334-8848-E9CD063ED643}.Debug|x86.ActiveCfg = Debug|Any CPU
		{68A77858-7C12-4334-8848-E9CD063ED643}.Debug|x86.Build.0 = Debug|Any CPU
		{68A77858-7C12-4334-8848-E9CD063ED643}.Release|Any CPU.ActiveCfg = Release|Any CPU
		{68A77858-7C12-4334-8848-E9CD063ED643}.Release|Any CPU.Build.0 = Release|Any CPU
		{68A77858-7C12-4334-8848-E9CD063ED643}.Release|x64.ActiveCfg = Release|Any CPU
		{68A77858-7C12-4334-8848-E9CD063ED643}.Release|x64.Build.0 = Release|Any CPU
		{68A77858-7C12-4334-8848-E9CD063ED643}.Release|x86.ActiveCfg = Release|Any CPU
		{68A77858-7C12-4334-8848-E9CD063ED643}.Release|x86.Build.0 = Release|Any CPU
		{BD89029A-757C-4B5C-992F-949BA57C0740}.Debug|Any CPU.ActiveCfg = Debug|Any CPU
		{BD89029A-757C-4B5C-992F-949BA57C0740}.Debug|Any CPU.Build.0 = Debug|Any CPU
		{BD89029A-757C-4B5C-992F-949BA57C0740}.Debug|x64.ActiveCfg = Debug|Any CPU
		{BD89029A-757C-4B5C-992F-949BA57C0740}.Debug|x64.Build.0 = Debug|Any CPU
		{BD89029A-757C-4B5C-992F-949BA57C0740}.Debug|x86.ActiveCfg = Debug|Any CPU
		{BD89029A-757C-4B5C-992F-949BA57C0740}.Debug|x86.Build.0 = Debug|Any CPU
		{BD89029A-757C-4B5C-992F-949BA57C0740}.Release|Any CPU.ActiveCfg = Release|Any CPU
		{BD89029A-757C-4B5C-992F-949BA57C0740}.Release|Any CPU.Build.0 = Release|Any CPU
		{BD89029A-757C-4B5C-992F-949BA57C0740}.Release|x64.ActiveCfg = Release|Any CPU
		{BD89029A-757C-4B5C-992F-949BA57C0740}.Release|x64.Build.0 = Release|Any CPU
		{BD89029A-757C-4B5C-992F-949BA57C0740}.Release|x86.ActiveCfg = Release|Any CPU
		{BD89029A-757C-4B5C-992F-949BA57C0740}.Release|x86.Build.0 = Release|Any CPU
		{4475793A-880A-4555-ACBA-1FDFCC44F61E}.Debug|Any CPU.ActiveCfg = Debug|Any CPU
		{4475793A-880A-4555-ACBA-1FDFCC44F61E}.Debug|Any CPU.Build.0 = Debug|Any CPU
		{4475793A-880A-4555-ACBA-1FDFCC44F61E}.Debug|x64.ActiveCfg = Debug|Any CPU
		{4475793A-880A-4555-ACBA-1FDFCC44F61E}.Debug|x64.Build.0 = Debug|Any CPU
		{4475793A-880A-4555-ACBA-1FDFCC44F61E}.Debug|x86.ActiveCfg = Debug|Any CPU
		{4475793A-880A-4555-ACBA-1FDFCC44F61E}.Debug|x86.Build.0 = Debug|Any CPU
		{4475793A-880A-4555-ACBA-1FDFCC44F61E}.Release|Any CPU.ActiveCfg = Release|Any CPU
		{4475793A-880A-4555-ACBA-1FDFCC44F61E}.Release|Any CPU.Build.0 = Release|Any CPU
		{4475793A-880A-4555-ACBA-1FDFCC44F61E}.Release|x64.ActiveCfg = Release|Any CPU
		{4475793A-880A-4555-ACBA-1FDFCC44F61E}.Release|x64.Build.0 = Release|Any CPU
		{4475793A-880A-4555-ACBA-1FDFCC44F61E}.Release|x86.ActiveCfg = Release|Any CPU
		{4475793A-880A-4555-ACBA-1FDFCC44F61E}.Release|x86.Build.0 = Release|Any CPU
		{9CF807B3-EA39-4612-934E-9DF3764A021C}.Debug|Any CPU.ActiveCfg = Debug|Any CPU
		{9CF807B3-EA39-4612-934E-9DF3764A021C}.Debug|Any CPU.Build.0 = Debug|Any CPU
		{9CF807B3-EA39-4612-934E-9DF3764A021C}.Debug|x64.ActiveCfg = Debug|Any CPU
		{9CF807B3-EA39-4612-934E-9DF3764A021C}.Debug|x64.Build.0 = Debug|Any CPU
		{9CF807B3-EA39-4612-934E-9DF3764A021C}.Debug|x86.ActiveCfg = Debug|Any CPU
		{9CF807B3-EA39-4612-934E-9DF3764A021C}.Debug|x86.Build.0 = Debug|Any CPU
		{9CF807B3-EA39-4612-934E-9DF3764A021C}.Release|Any CPU.ActiveCfg = Release|Any CPU
		{9CF807B3-EA39-4612-934E-9DF3764A021C}.Release|Any CPU.Build.0 = Release|Any CPU
		{9CF807B3-EA39-4612-934E-9DF3764A021C}.Release|x64.ActiveCfg = Release|Any CPU
		{9CF807B3-EA39-4612-934E-9DF3764A021C}.Release|x64.Build.0 = Release|Any CPU
		{9CF807B3-EA39-4612-934E-9DF3764A021C}.Release|x86.ActiveCfg = Release|Any CPU
		{9CF807B3-EA39-4612-934E-9DF3764A021C}.Release|x86.Build.0 = Release|Any CPU
	EndGlobalSection
	GlobalSection(SolutionProperties) = preSolution
		HideSolutionNode = FALSE
	EndGlobalSection
	GlobalSection(NestedProjects) = preSolution
		{C3A1F6C2-940F-49A6-8AD2-9B8B6A52731C} = {08EE4270-B5C9-4014-9A33-305545A16A4B}
		{200833ED-6DE6-443F-BE1F-EE5BE20F69AB} = {08EE4270-B5C9-4014-9A33-305545A16A4B}
		{6F00458D-CCF9-46AD-A424-E22D7F1CB569} = {C3A1F6C2-940F-49A6-8AD2-9B8B6A52731C}
		{8D216CE2-D639-4EE3-8AF0-BD479C8C1169} = {C3A1F6C2-940F-49A6-8AD2-9B8B6A52731C}
		{214F235F-666C-4695-B7D5-A191194C586E} = {C3A1F6C2-940F-49A6-8AD2-9B8B6A52731C}
		{A30364B4-BB94-43A2-A142-FCB78A3CEE0A} = {C3A1F6C2-940F-49A6-8AD2-9B8B6A52731C}
		{68A77858-7C12-4334-8848-E9CD063ED643} = {C3A1F6C2-940F-49A6-8AD2-9B8B6A52731C}
		{BD89029A-757C-4B5C-992F-949BA57C0740} = {08EE4270-B5C9-4014-9A33-305545A16A4B}
		{9CF807B3-EA39-4612-934E-9DF3764A021C} = {08EE4270-B5C9-4014-9A33-305545A16A4B}
	EndGlobalSection
	GlobalSection(ExtensibilityGlobals) = postSolution
		SolutionGuid = {2AFC3E75-596F-4D4C-B0A5-21155B9C806C}
	EndGlobalSection
EndGlobal
